
Microsoft Visual Studio Solution File, Format Version 11.00
# Visual C++ Express 2010
Project("{8BC9CEB8-8B4A-11D0-8D11-00A0C91BC942}") = "ClickReporter", "ClickReporter.vcxproj", "{8E1123A7-B723-492E-A960-50D1ECED20F6}"
EndProject
Global
	GlobalSection(SolutionConfigurationPlatforms) = preSolution
		Debug|Win32 = Debug|Win32
		Release|Win32 = Release|Win32
	EndGlobalSection
	GlobalSection(ProjectConfigurationPlatforms) = postSolution
		{8E1123A7-B723-492E-A960-50D1ECED20F6}.Debug|Win32.ActiveCfg = Debug|Win32
		{8E1123A7-B723-492E-A960-50D1ECED20F6}.Debug|Win32.Build.0 = Debug|Win32
		{8E1123A7-B723-492E-A960-50D1ECED20F6}.Release|Win32.ActiveCfg = Release|Win32
		{8E1123A7-B723-492E-A960-50D1ECED20F6}.Release|Win32.Build.0 = Release|Win32
	EndGlobalSection
	GlobalSection(SolutionProperties) = preSolution
		HideSolutionNode = FALSE
	EndGlobalSection
EndGlobal
